
Microsoft Visual Studio Solution File, Format Version 12.00
# Visual Studio Version 17
VisualStudioVersion = 17.7.34221.43
MinimumVisualStudioVersion = 10.0.40219.1
Project("{FAE04EC0-301F-11D3-BF4B-00C04F79EFBC}") = "KarateSchoolApplication", "KarateSchoolApplication.csproj", "{CC5B72FC-5408-4A93-93B6-69A39D230C52}"
EndProject
Global
	GlobalSection(SolutionConfigurationPlatforms) = preSolution
		Debug|Any CPU = Debug|Any CPU
		Release|Any CPU = Release|Any CPU
	EndGlobalSection
	GlobalSection(ProjectConfigurationPlatforms) = postSolution
		{CC5B72FC-5408-4A93-93B6-69A39D230C52}.Debug|Any CPU.ActiveCfg = Debug|Any CPU
		{CC5B72FC-5408-4A93-93B6-69A39D230C52}.Debug|Any CPU.Build.0 = Debug|Any CPU
		{CC5B72FC-5408-4A93-93B6-69A39D230C52}.Release|Any CPU.ActiveCfg = Release|Any CPU
		{CC5B72FC-5408-4A93-93B6-69A39D230C52}.Release|Any CPU.Build.0 = Release|Any CPU
	EndGlobalSection
	GlobalSection(SolutionProperties) = preSolution
		HideSolutionNode = FALSE
	EndGlobalSection
	GlobalSection(ExtensibilityGlobals) = postSolution
		SolutionGuid = {DEADC567-54FD-4B29-B7D8-B254B8D72FD4}
	EndGlobalSection
EndGlobal
